
Microsoft Visual Studio Solution File, Format Version 12.00
# Visual Studio 15
VisualStudioVersion = 15.0.27428.2015
MinimumVisualStudioVersion = 10.0.40219.1
Project("{FAE04EC0-301F-11D3-BF4B-00C04F79EFBC}") = "Stock_Advisor", "Stock_Advisor\Stock_Advisor.csproj", "{5FF89627-2FB8-499E-9665-37E573971434}"
EndProject
Global
	GlobalSection(SolutionConfigurationPlatforms) = preSolution
		Debug|Any CPU = Debug|Any CPU
		Release|Any CPU = Release|Any CPU
	EndGlobalSection
	GlobalSection(ProjectConfigurationPlatforms) = postSolution
		{5FF89627-2FB8-499E-9665-37E573971434}.Debug|Any CPU.ActiveCfg = Debug|Any CPU
		{5FF89627-2FB8-499E-9665-37E573971434}.Debug|Any CPU.Build.0 = Debug|Any CPU
		{5FF89627-2FB8-499E-9665-37E573971434}.Release|Any CPU.ActiveCfg = Release|Any CPU
		{5FF89627-2FB8-499E-9665-37E573971434}.Release|Any CPU.Build.0 = Release|Any CPU
	EndGlobalSection
	GlobalSection(SolutionProperties) = preSolution
		HideSolutionNode = FALSE
	EndGlobalSection
	GlobalSection(ExtensibilityGlobals) = postSolution
		SolutionGuid = {1CFE4B2D-DE74-4D21-A364-5AFCDED9CAD5}
	EndGlobalSection
EndGlobal
