
Microsoft Visual Studio Solution File, Format Version 12.00
# Visual Studio 15
VisualStudioVersion = 15.0.27004.2009
MinimumVisualStudioVersion = 10.0.40219.1
Project("{FAE04EC0-301F-11D3-BF4B-00C04F79EFBC}") = "Austin_Stock_Advisor", "Austin_Stock_Advisor\Austin_Stock_Advisor.csproj", "{99D76D7A-FC35-491C-B53A-84B73180A97C}"
EndProject
Project("{FAE04EC0-301F-11D3-BF4B-00C04F79EFBC}") = "Stock_Advisor_Window_Service", "Stock_Advisor_Window_Service\Stock_Advisor_Window_Service.csproj", "{7C395456-6F4F-4A11-8232-D329FABCD34C}"
EndProject
Project("{FAE04EC0-301F-11D3-BF4B-00C04F79EFBC}") = "Library", "Library\Library.csproj", "{49ADBE96-44CF-4DF0-B760-7D5FE24F01BF}"
EndProject
Project("{FAE04EC0-301F-11D3-BF4B-00C04F79EFBC}") = "IEXTrading", "IEXTrading\IEXTrading.csproj", "{429E08CD-AC33-4AB0-B3E2-F62BBE38F8D8}"
EndProject
Global
	GlobalSection(SolutionConfigurationPlatforms) = preSolution
		Debug|Any CPU = Debug|Any CPU
		Release|Any CPU = Release|Any CPU
	EndGlobalSection
	GlobalSection(ProjectConfigurationPlatforms) = postSolution
		{99D76D7A-FC35-491C-B53A-84B73180A97C}.Debug|Any CPU.ActiveCfg = Debug|Any CPU
		{99D76D7A-FC35-491C-B53A-84B73180A97C}.Debug|Any CPU.Build.0 = Debug|Any CPU
		{99D76D7A-FC35-491C-B53A-84B73180A97C}.Release|Any CPU.ActiveCfg = Release|Any CPU
		{99D76D7A-FC35-491C-B53A-84B73180A97C}.Release|Any CPU.Build.0 = Release|Any CPU
		{7C395456-6F4F-4A11-8232-D329FABCD34C}.Debug|Any CPU.ActiveCfg = Debug|Any CPU
		{7C395456-6F4F-4A11-8232-D329FABCD34C}.Debug|Any CPU.Build.0 = Debug|Any CPU
		{7C395456-6F4F-4A11-8232-D329FABCD34C}.Release|Any CPU.ActiveCfg = Release|Any CPU
		{7C395456-6F4F-4A11-8232-D329FABCD34C}.Release|Any CPU.Build.0 = Release|Any CPU
		{49ADBE96-44CF-4DF0-B760-7D5FE24F01BF}.Debug|Any CPU.ActiveCfg = Debug|Any CPU
		{49ADBE96-44CF-4DF0-B760-7D5FE24F01BF}.Debug|Any CPU.Build.0 = Debug|Any CPU
		{49ADBE96-44CF-4DF0-B760-7D5FE24F01BF}.Release|Any CPU.ActiveCfg = Release|Any CPU
		{49ADBE96-44CF-4DF0-B760-7D5FE24F01BF}.Release|Any CPU.Build.0 = Release|Any CPU
	EndGlobalSection
	GlobalSection(SolutionProperties) = preSolution
		HideSolutionNode = FALSE
	EndGlobalSection
	GlobalSection(ExtensibilityGlobals) = postSolution
		SolutionGuid = {D9DB8EC3-3DA1-4127-9442-8C117571B4D2}
	EndGlobalSection
EndGlobal
